// !$*UTF8*$!
{
	archiveVersion = 1;
	classes = {
	};
	objectVersion = 46;
	objects = {

/* Begin PBXBuildFile section */
		670EBAF514E20C0A004008F5 /* Collection.m in Sources */ = {isa = PBXBuildFile; fileRef = 670EBAF414E20C0A004008F5 /* Collection.m */; };
		6713CA60148D17F70056A2C5 /* UIKit.framework in Frameworks */ = {isa = PBXBuildFile; fileRef = 6713CA5F148D17F70056A2C5 /* UIKit.framework */; };
		6713CA62148D17F70056A2C5 /* Foundation.framework in Frameworks */ = {isa = PBXBuildFile; fileRef = 6713CA61148D17F70056A2C5 /* Foundation.framework */; };
		6713CA64148D17F70056A2C5 /* CoreGraphics.framework in Frameworks */ = {isa = PBXBuildFile; fileRef = 6713CA63148D17F70056A2C5 /* CoreGraphics.framework */; };
		6713CA6A148D17F80056A2C5 /* InfoPlist.strings in Resources */ = {isa = PBXBuildFile; fileRef = 6713CA68148D17F80056A2C5 /* InfoPlist.strings */; };
		6713CA6C148D17F80056A2C5 /* main.m in Sources */ = {isa = PBXBuildFile; fileRef = 6713CA6B148D17F80056A2C5 /* main.m */; };
		6713CA70148D17F80056A2C5 /* NJCAppDelegate.m in Sources */ = {isa = PBXBuildFile; fileRef = 6713CA6F148D17F80056A2C5 /* NJCAppDelegate.m */; };
		6713CA73148D17F80056A2C5 /* MainStoryboard_iPhone.storyboard in Resources */ = {isa = PBXBuildFile; fileRef = 6713CA71148D17F80056A2C5 /* MainStoryboard_iPhone.storyboard */; };
		6713CA79148D17F80056A2C5 /* NJCViewController.m in Sources */ = {isa = PBXBuildFile; fileRef = 6713CA78148D17F80056A2C5 /* NJCViewController.m */; };
		6713CA81148D17F80056A2C5 /* SenTestingKit.framework in Frameworks */ = {isa = PBXBuildFile; fileRef = 6713CA80148D17F80056A2C5 /* SenTestingKit.framework */; };
		6713CA82148D17F80056A2C5 /* UIKit.framework in Frameworks */ = {isa = PBXBuildFile; fileRef = 6713CA5F148D17F70056A2C5 /* UIKit.framework */; };
		6713CA83148D17F80056A2C5 /* Foundation.framework in Frameworks */ = {isa = PBXBuildFile; fileRef = 6713CA61148D17F70056A2C5 /* Foundation.framework */; };
		6713CA8B148D17F80056A2C5 /* InfoPlist.strings in Resources */ = {isa = PBXBuildFile; fileRef = 6713CA89148D17F80056A2C5 /* InfoPlist.strings */; };
		672359A0150685A80074DA31 /* CoreData.framework in Frameworks */ = {isa = PBXBuildFile; fileRef = 6723599F150685A80074DA31 /* CoreData.framework */; settings = {ATTRIBUTES = (Weak, ); }; };
		672359A3150686990074DA31 /* CoreData.xcdatamodeld in Sources */ = {isa = PBXBuildFile; fileRef = 672359A1150686990074DA31 /* CoreData.xcdatamodeld */; };
		675C9C5514917CA000DC46F4 /* ComicDetailViewController.m in Sources */ = {isa = PBXBuildFile; fileRef = 675C9C5414917CA000DC46F4 /* ComicDetailViewController.m */; };
		675C9C65149266E400DC46F4 /* Comics.m in Sources */ = {isa = PBXBuildFile; fileRef = 675C9C64149266E300DC46F4 /* Comics.m */; };
		678327E914C649AB003ADB5B /* comicTests.m in Sources */ = {isa = PBXBuildFile; fileRef = 6713CA8D148D17F80056A2C5 /* comicTests.m */; };
		678F5D07148FE3C000B79873 /* ComicTableViewController.m in Sources */ = {isa = PBXBuildFile; fileRef = 678F5D06148FE3C000B79873 /* ComicTableViewController.m */; };
		678F5D12149023D200B79873 /* comiccon2010_big-57x57.png in Resources */ = {isa = PBXBuildFile; fileRef = 678F5D11149023D200B79873 /* comiccon2010_big-57x57.png */; };
/* End PBXBuildFile section */

/* Begin PBXContainerItemProxy section */
		6713CA84148D17F80056A2C5 /* PBXContainerItemProxy */ = {
			isa = PBXContainerItemProxy;
			containerPortal = 6713CA52148D17F70056A2C5 /* Project object */;
			proxyType = 1;
			remoteGlobalIDString = 6713CA5A148D17F70056A2C5;
			remoteInfo = comic;
		};
/* End PBXContainerItemProxy section */

/* Begin PBXFileReference section */
		670EBAF314E20C09004008F5 /* Collection.h */ = {isa = PBXFileReference; fileEncoding = 4; lastKnownFileType = sourcecode.c.h; path = Collection.h; sourceTree = "<group>"; };
		670EBAF414E20C0A004008F5 /* Collection.m */ = {isa = PBXFileReference; fileEncoding = 4; lastKnownFileType = sourcecode.c.objc; path = Collection.m; sourceTree = "<group>"; };
		6713CA5B148D17F70056A2C5 /* comic.app */ = {isa = PBXFileReference; explicitFileType = wrapper.application; includeInIndex = 0; path = comic.app; sourceTree = BUILT_PRODUCTS_DIR; };
		6713CA5F148D17F70056A2C5 /* UIKit.framework */ = {isa = PBXFileReference; lastKnownFileType = wrapper.framework; name = UIKit.framework; path = System/Library/Frameworks/UIKit.framework; sourceTree = SDKROOT; };
		6713CA61148D17F70056A2C5 /* Foundation.framework */ = {isa = PBXFileReference; lastKnownFileType = wrapper.framework; name = Foundation.framework; path = System/Library/Frameworks/Foundation.framework; sourceTree = SDKROOT; };
		6713CA63148D17F70056A2C5 /* CoreGraphics.framework */ = {isa = PBXFileReference; lastKnownFileType = wrapper.framework; name = CoreGraphics.framework; path = System/Library/Frameworks/CoreGraphics.framework; sourceTree = SDKROOT; };
		6713CA67148D17F70056A2C5 /* comic-Info.plist */ = {isa = PBXFileReference; lastKnownFileType = text.plist.xml; path = "comic-Info.plist"; sourceTree = "<group>"; };
		6713CA69148D17F80056A2C5 /* en */ = {isa = PBXFileReference; lastKnownFileType = text.plist.strings; name = en; path = en.lproj/InfoPlist.strings; sourceTree = "<group>"; };
		6713CA6B148D17F80056A2C5 /* main.m */ = {isa = PBXFileReference; lastKnownFileType = sourcecode.c.objc; path = main.m; sourceTree = "<group>"; };
		6713CA6D148D17F80056A2C5 /* comic-Prefix.pch */ = {isa = PBXFileReference; lastKnownFileType = sourcecode.c.h; path = "comic-Prefix.pch"; sourceTree = "<group>"; };
		6713CA6E148D17F80056A2C5 /* NJCAppDelegate.h */ = {isa = PBXFileReference; lastKnownFileType = sourcecode.c.h; path = NJCAppDelegate.h; sourceTree = "<group>"; };
		6713CA6F148D17F80056A2C5 /* NJCAppDelegate.m */ = {isa = PBXFileReference; lastKnownFileType = sourcecode.c.objc; path = NJCAppDelegate.m; sourceTree = "<group>"; };
		6713CA72148D17F80056A2C5 /* en */ = {isa = PBXFileReference; lastKnownFileType = file.storyboard; name = en; path = en.lproj/MainStoryboard_iPhone.storyboard; sourceTree = "<group>"; };
		6713CA77148D17F80056A2C5 /* NJCViewController.h */ = {isa = PBXFileReference; lastKnownFileType = sourcecode.c.h; path = NJCViewController.h; sourceTree = "<group>"; };
		6713CA78148D17F80056A2C5 /* NJCViewController.m */ = {isa = PBXFileReference; lastKnownFileType = sourcecode.c.objc; path = NJCViewController.m; sourceTree = "<group>"; xcLanguageSpecificationIdentifier = xcode.lang.objc; };
		6713CA7F148D17F80056A2C5 /* comicTests.octest */ = {isa = PBXFileReference; explicitFileType = wrapper.cfbundle; includeInIndex = 0; path = comicTests.octest; sourceTree = BUILT_PRODUCTS_DIR; };
		6713CA80148D17F80056A2C5 /* SenTestingKit.framework */ = {isa = PBXFileReference; lastKnownFileType = wrapper.framework; name = SenTestingKit.framework; path = Library/Frameworks/SenTestingKit.framework; sourceTree = DEVELOPER_DIR; };
		6713CA88148D17F80056A2C5 /* comicTests-Info.plist */ = {isa = PBXFileReference; lastKnownFileType = text.plist.xml; path = "comicTests-Info.plist"; sourceTree = "<group>"; };
		6713CA8A148D17F80056A2C5 /* en */ = {isa = PBXFileReference; lastKnownFileType = text.plist.strings; name = en; path = en.lproj/InfoPlist.strings; sourceTree = "<group>"; };
		6713CA8C148D17F80056A2C5 /* comicTests.h */ = {isa = PBXFileReference; lastKnownFileType = sourcecode.c.h; path = comicTests.h; sourceTree = "<group>"; };
		6713CA8D148D17F80056A2C5 /* comicTests.m */ = {isa = PBXFileReference; lastKnownFileType = sourcecode.c.objc; path = comicTests.m; sourceTree = "<group>"; };
		6723599F150685A80074DA31 /* CoreData.framework */ = {isa = PBXFileReference; lastKnownFileType = wrapper.framework; name = CoreData.framework; path = System/Library/Frameworks/CoreData.framework; sourceTree = SDKROOT; };
		672359A2150686990074DA31 /* CoreData.xcdatamodel */ = {isa = PBXFileReference; lastKnownFileType = wrapper.xcdatamodel; path = CoreData.xcdatamodel; sourceTree = "<group>"; };
		67357DBB14982A12001EBE55 /* ComicViewControllerDelegate.h */ = {isa = PBXFileReference; fileEncoding = 4; lastKnownFileType = sourcecode.c.h; path = ComicViewControllerDelegate.h; sourceTree = "<group>"; };
		675C9C5314917CA000DC46F4 /* ComicDetailViewController.h */ = {isa = PBXFileReference; fileEncoding = 4; lastKnownFileType = sourcecode.c.h; path = ComicDetailViewController.h; sourceTree = "<group>"; };
		675C9C5414917CA000DC46F4 /* ComicDetailViewController.m */ = {isa = PBXFileReference; fileEncoding = 4; lastKnownFileType = sourcecode.c.objc; path = ComicDetailViewController.m; sourceTree = "<group>"; };
		675C9C63149266E300DC46F4 /* Comics.h */ = {isa = PBXFileReference; fileEncoding = 4; lastKnownFileType = sourcecode.c.h; path = Comics.h; sourceTree = "<group>"; };
		675C9C64149266E300DC46F4 /* Comics.m */ = {isa = PBXFileReference; fileEncoding = 4; lastKnownFileType = sourcecode.c.objc; path = Comics.m; sourceTree = "<group>"; };
		678F5D05148FE3C000B79873 /* ComicTableViewController.h */ = {isa = PBXFileReference; fileEncoding = 4; lastKnownFileType = sourcecode.c.h; name = ComicTableViewController.h; path = ../ComicTableViewController.h; sourceTree = "<group>"; };
		678F5D06148FE3C000B79873 /* ComicTableViewController.m */ = {isa = PBXFileReference; fileEncoding = 4; lastKnownFileType = sourcecode.c.objc; name = ComicTableViewController.m; path = ../ComicTableViewController.m; sourceTree = "<group>"; };
		678F5D11149023D200B79873 /* comiccon2010_big-57x57.png */ = {isa = PBXFileReference; lastKnownFileType = image.png; path = "comiccon2010_big-57x57.png"; sourceTree = "<group>"; };
/* End PBXFileReference section */

/* Begin PBXFrameworksBuildPhase section */
		6713CA58148D17F70056A2C5 /* Frameworks */ = {
			isa = PBXFrameworksBuildPhase;
			buildActionMask = 2147483647;
			files = (
				672359A0150685A80074DA31 /* CoreData.framework in Frameworks */,
				6713CA60148D17F70056A2C5 /* UIKit.framework in Frameworks */,
				6713CA62148D17F70056A2C5 /* Foundation.framework in Frameworks */,
				6713CA64148D17F70056A2C5 /* CoreGraphics.framework in Frameworks */,
			);
			runOnlyForDeploymentPostprocessing = 0;
		};
		6713CA7B148D17F80056A2C5 /* Frameworks */ = {
			isa = PBXFrameworksBuildPhase;
			buildActionMask = 2147483647;
			files = (
				6713CA81148D17F80056A2C5 /* SenTestingKit.framework in Frameworks */,
				6713CA82148D17F80056A2C5 /* UIKit.framework in Frameworks */,
				6713CA83148D17F80056A2C5 /* Foundation.framework in Frameworks */,
			);
			runOnlyForDeploymentPostprocessing = 0;
		};
/* End PBXFrameworksBuildPhase section */

/* Begin PBXGroup section */
		6713CA50148D17F70056A2C5 = {
			isa = PBXGroup;
			children = (
				678F5D11149023D200B79873 /* comiccon2010_big-57x57.png */,
				6713CA65148D17F70056A2C5 /* comic */,
				6713CA86148D17F80056A2C5 /* comicTests */,
				6713CA5E148D17F70056A2C5 /* Frameworks */,
				6713CA5C148D17F70056A2C5 /* Products */,
			);
			sourceTree = "<group>";
		};
		6713CA5C148D17F70056A2C5 /* Products */ = {
			isa = PBXGroup;
			children = (
				6713CA5B148D17F70056A2C5 /* comic.app */,
				6713CA7F148D17F80056A2C5 /* comicTests.octest */,
			);
			name = Products;
			sourceTree = "<group>";
		};
		6713CA5E148D17F70056A2C5 /* Frameworks */ = {
			isa = PBXGroup;
			children = (
				6723599F150685A80074DA31 /* CoreData.framework */,
				6713CA5F148D17F70056A2C5 /* UIKit.framework */,
				6713CA61148D17F70056A2C5 /* Foundation.framework */,
				6713CA63148D17F70056A2C5 /* CoreGraphics.framework */,
				6713CA80148D17F80056A2C5 /* SenTestingKit.framework */,
			);
			name = Frameworks;
			sourceTree = "<group>";
		};
		6713CA65148D17F70056A2C5 /* comic */ = {
			isa = PBXGroup;
			children = (
				6713CA71148D17F80056A2C5 /* MainStoryboard_iPhone.storyboard */,
				672359A1150686990074DA31 /* CoreData.xcdatamodeld */,
				675C9C63149266E300DC46F4 /* Comics.h */,
				675C9C64149266E300DC46F4 /* Comics.m */,
				678F5D05148FE3C000B79873 /* ComicTableViewController.h */,
				678F5D06148FE3C000B79873 /* ComicTableViewController.m */,
				670EBAF314E20C09004008F5 /* Collection.h */,
				670EBAF414E20C0A004008F5 /* Collection.m */,
				675C9C5314917CA000DC46F4 /* ComicDetailViewController.h */,
				675C9C5414917CA000DC46F4 /* ComicDetailViewController.m */,
				6713CA77148D17F80056A2C5 /* NJCViewController.h */,
				6713CA78148D17F80056A2C5 /* NJCViewController.m */,
				6713CA6E148D17F80056A2C5 /* NJCAppDelegate.h */,
				6713CA6F148D17F80056A2C5 /* NJCAppDelegate.m */,
				6713CA66148D17F70056A2C5 /* Supporting Files */,
				67357DBB14982A12001EBE55 /* ComicViewControllerDelegate.h */,
			);
			path = comic;
			sourceTree = "<group>";
		};
		6713CA66148D17F70056A2C5 /* Supporting Files */ = {
			isa = PBXGroup;
			children = (
				6713CA67148D17F70056A2C5 /* comic-Info.plist */,
				6713CA68148D17F80056A2C5 /* InfoPlist.strings */,
				6713CA6B148D17F80056A2C5 /* main.m */,
				6713CA6D148D17F80056A2C5 /* comic-Prefix.pch */,
			);
			name = "Supporting Files";
			sourceTree = "<group>";
		};
		6713CA86148D17F80056A2C5 /* comicTests */ = {
			isa = PBXGroup;
			children = (
				6713CA8C148D17F80056A2C5 /* comicTests.h */,
				6713CA8D148D17F80056A2C5 /* comicTests.m */,
				6713CA87148D17F80056A2C5 /* Supporting Files */,
			);
			path = comicTests;
			sourceTree = "<group>";
		};
		6713CA87148D17F80056A2C5 /* Supporting Files */ = {
			isa = PBXGroup;
			children = (
				6713CA88148D17F80056A2C5 /* comicTests-Info.plist */,
				6713CA89148D17F80056A2C5 /* InfoPlist.strings */,
			);
			name = "Supporting Files";
			sourceTree = "<group>";
		};
/* End PBXGroup section */

/* Begin PBXNativeTarget section */
		6713CA5A148D17F70056A2C5 /* comic */ = {
			isa = PBXNativeTarget;
			buildConfigurationList = 6713CA91148D17F80056A2C5 /* Build configuration list for PBXNativeTarget "comic" */;
			buildPhases = (
				6713CA57148D17F70056A2C5 /* Sources */,
				6713CA58148D17F70056A2C5 /* Frameworks */,
				6713CA59148D17F70056A2C5 /* Resources */,
			);
			buildRules = (
			);
			dependencies = (
			);
			name = comic;
			productName = comic;
			productReference = 6713CA5B148D17F70056A2C5 /* comic.app */;
			productType = "com.apple.product-type.application";
		};
		6713CA7E148D17F80056A2C5 /* comicTests */ = {
			isa = PBXNativeTarget;
			buildConfigurationList = 6713CA94148D17F80056A2C5 /* Build configuration list for PBXNativeTarget "comicTests" */;
			buildPhases = (
				6713CA7A148D17F80056A2C5 /* Sources */,
				6713CA7B148D17F80056A2C5 /* Frameworks */,
				6713CA7C148D17F80056A2C5 /* Resources */,
				6713CA7D148D17F80056A2C5 /* ShellScript */,
			);
			buildRules = (
			);
			dependencies = (
				6713CA85148D17F80056A2C5 /* PBXTargetDependency */,
			);
			name = comicTests;
			productName = comicTests;
			productReference = 6713CA7F148D17F80056A2C5 /* comicTests.octest */;
			productType = "com.apple.product-type.bundle";
		};
/* End PBXNativeTarget section */

/* Begin PBXProject section */
		6713CA52148D17F70056A2C5 /* Project object */ = {
			isa = PBXProject;
			attributes = {
				LastUpgradeCheck = 0420;
			};
			buildConfigurationList = 6713CA55148D17F70056A2C5 /* Build configuration list for PBXProject "comic" */;
			compatibilityVersion = "Xcode 3.2";
			developmentRegion = English;
			hasScannedForEncodings = 0;
			knownRegions = (
				en,
			);
			mainGroup = 6713CA50148D17F70056A2C5;
			productRefGroup = 6713CA5C148D17F70056A2C5 /* Products */;
			projectDirPath = "";
			projectRoot = "";
			targets = (
				6713CA5A148D17F70056A2C5 /* comic */,
				6713CA7E148D17F80056A2C5 /* comicTests */,
			);
		};
/* End PBXProject section */

/* Begin PBXResourcesBuildPhase section */
		6713CA59148D17F70056A2C5 /* Resources */ = {
			isa = PBXResourcesBuildPhase;
			buildActionMask = 2147483647;
			files = (
				6713CA6A148D17F80056A2C5 /* InfoPlist.strings in Resources */,
				6713CA73148D17F80056A2C5 /* MainStoryboard_iPhone.storyboard in Resources */,
				678F5D12149023D200B79873 /* comiccon2010_big-57x57.png in Resources */,
			);
			runOnlyForDeploymentPostprocessing = 0;
		};
		6713CA7C148D17F80056A2C5 /* Resources */ = {
			isa = PBXResourcesBuildPhase;
			buildActionMask = 2147483647;
			files = (
				6713CA8B148D17F80056A2C5 /* InfoPlist.strings in Resources */,
			);
			runOnlyForDeploymentPostprocessing = 0;
		};
/* End PBXResourcesBuildPhase section */

/* Begin PBXShellScriptBuildPhase section */
		6713CA7D148D17F80056A2C5 /* ShellScript */ = {
			isa = PBXShellScriptBuildPhase;
			buildActionMask = 2147483647;
			files = (
			);
			inputPaths = (
			);
			outputPaths = (
			);
			runOnlyForDeploymentPostprocessing = 0;
			shellPath = /bin/sh;
			shellScript = "# Run the unit tests in this test bundle.\n\"${SYSTEM_DEVELOPER_DIR}/Tools/RunUnitTests\"\n";
		};
/* End PBXShellScriptBuildPhase section */

/* Begin PBXSourcesBuildPhase section */
		6713CA57148D17F70056A2C5 /* Sources */ = {
			isa = PBXSourcesBuildPhase;
			buildActionMask = 2147483647;
			files = (
				6713CA6C148D17F80056A2C5 /* main.m in Sources */,
				6713CA70148D17F80056A2C5 /* NJCAppDelegate.m in Sources */,
				6713CA79148D17F80056A2C5 /* NJCViewController.m in Sources */,
				678F5D07148FE3C000B79873 /* ComicTableViewController.m in Sources */,
				675C9C5514917CA000DC46F4 /* ComicDetailViewController.m in Sources */,
				675C9C65149266E400DC46F4 /* Comics.m in Sources */,
				670EBAF514E20C0A004008F5 /* Collection.m in Sources */,
				672359A3150686990074DA31 /* CoreData.xcdatamodeld in Sources */,
			);
			runOnlyForDeploymentPostprocessing = 0;
		};
		6713CA7A148D17F80056A2C5 /* Sources */ = {
			isa = PBXSourcesBuildPhase;
			buildActionMask = 2147483647;
			files = (
				678327E914C649AB003ADB5B /* comicTests.m in Sources */,
			);
			runOnlyForDeploymentPostprocessing = 0;
		};
/* End PBXSourcesBuildPhase section */

/* Begin PBXTargetDependency section */
		6713CA85148D17F80056A2C5 /* PBXTargetDependency */ = {
			isa = PBXTargetDependency;
			target = 6713CA5A148D17F70056A2C5 /* comic */;
			targetProxy = 6713CA84148D17F80056A2C5 /* PBXContainerItemProxy */;
		};
/* End PBXTargetDependency section */

/* Begin PBXVariantGroup section */
		6713CA68148D17F80056A2C5 /* InfoPlist.strings */ = {
			isa = PBXVariantGroup;
			children = (
				6713CA69148D17F80056A2C5 /* en */,
			);
			name = InfoPlist.strings;
			sourceTree = "<group>";
		};
		6713CA71148D17F80056A2C5 /* MainStoryboard_iPhone.storyboard */ = {
			isa = PBXVariantGroup;
			children = (
				6713CA72148D17F80056A2C5 /* en */,
			);
			name = MainStoryboard_iPhone.storyboard;
			sourceTree = "<group>";
		};
		6713CA89148D17F80056A2C5 /* InfoPlist.strings */ = {
			isa = PBXVariantGroup;
			children = (
				6713CA8A148D17F80056A2C5 /* en */,
			);
			name = InfoPlist.strings;
			sourceTree = "<group>";
		};
/* End PBXVariantGroup section */

/* Begin XCBuildConfiguration section */
		6713CA8F148D17F80056A2C5 /* Debug */ = {
			isa = XCBuildConfiguration;
			buildSettings = {
				ALWAYS_SEARCH_USER_PATHS = NO;
				ARCHS = "$(ARCHS_STANDARD_32_BIT)";
				CLANG_ENABLE_OBJC_ARC = YES;
				"CODE_SIGN_IDENTITY[sdk=iphoneos*]" = "iPhone Developer";
				COPY_PHASE_STRIP = NO;
				GCC_C_LANGUAGE_STANDARD = gnu99;
				GCC_DYNAMIC_NO_PIC = NO;
				GCC_OPTIMIZATION_LEVEL = 0;
				GCC_PREPROCESSOR_DEFINITIONS = (
					"DEBUG=1",
					"$(inherited)",
				);
				GCC_SYMBOLS_PRIVATE_EXTERN = NO;
				GCC_VERSION = com.apple.compilers.llvm.clang.1_0;
				GCC_WARN_ABOUT_MISSING_PROTOTYPES = YES;
				GCC_WARN_ABOUT_RETURN_TYPE = YES;
				GCC_WARN_UNUSED_VARIABLE = YES;
				IPHONEOS_DEPLOYMENT_TARGET = 5.0;
				SDKROOT = iphoneos;
				TARGETED_DEVICE_FAMILY = "1,2";
			};
			name = Debug;
		};
		6713CA90148D17F80056A2C5 /* Release */ = {
			isa = XCBuildConfiguration;
			buildSettings = {
				ALWAYS_SEARCH_USER_PATHS = NO;
				ARCHS = "$(ARCHS_STANDARD_32_BIT)";
				CLANG_ENABLE_OBJC_ARC = YES;
				"CODE_SIGN_IDENTITY[sdk=iphoneos*]" = "iPhone Developer";
				COPY_PHASE_STRIP = YES;
				GCC_C_LANGUAGE_STANDARD = gnu99;
				GCC_VERSION = com.apple.compilers.llvm.clang.1_0;
				GCC_WARN_ABOUT_MISSING_PROTOTYPES = YES;
				GCC_WARN_ABOUT_RETURN_TYPE = YES;
				GCC_WARN_UNUSED_VARIABLE = YES;
				IPHONEOS_DEPLOYMENT_TARGET = 5.0;
				OTHER_CFLAGS = "-DNS_BLOCK_ASSERTIONS=1";
				SDKROOT = iphoneos;
				TARGETED_DEVICE_FAMILY = "1,2";
				VALIDATE_PRODUCT = YES;
			};
			name = Release;
		};
		6713CA92148D17F80056A2C5 /* Debug */ = {
			isa = XCBuildConfiguration;
			buildSettings = {
				GCC_PRECOMPILE_PREFIX_HEADER = YES;
				GCC_PREFIX_HEADER = "comic/comic-Prefix.pch";
				INFOPLIST_FILE = "comic/comic-Info.plist";
				IPHONEOS_DEPLOYMENT_TARGET = 5.0;
				PRODUCT_NAME = "$(TARGET_NAME)";
				TARGETED_DEVICE_FAMILY = 1;
				WRAPPER_EXTENSION = app;
			};
			name = Debug;
		};
		6713CA93148D17F80056A2C5 /* Release */ = {
			isa = XCBuildConfiguration;
			buildSettings = {
				GCC_PRECOMPILE_PREFIX_HEADER = YES;
				GCC_PREFIX_HEADER = "comic/comic-Prefix.pch";
				INFOPLIST_FILE = "comic/comic-Info.plist";
				IPHONEOS_DEPLOYMENT_TARGET = 5.0;
				PRODUCT_NAME = "$(TARGET_NAME)";
				TARGETED_DEVICE_FAMILY = 1;
				WRAPPER_EXTENSION = app;
			};
			name = Release;
		};
		6713CA95148D17F80056A2C5 /* Debug */ = {
			isa = XCBuildConfiguration;
			buildSettings = {
				BUNDLE_LOADER = "$(BUILT_PRODUCTS_DIR)/comic.app/comic";
				FRAMEWORK_SEARCH_PATHS = (
					"$(SDKROOT)/Developer/Library/Frameworks",
					"$(DEVELOPER_LIBRARY_DIR)/Frameworks",
				);
				GCC_PRECOMPILE_PREFIX_HEADER = YES;
				GCC_PREFIX_HEADER = "comic/comic-Prefix.pch";
				INFOPLIST_FILE = "comicTests/comicTests-Info.plist";
				PRODUCT_NAME = "$(TARGET_NAME)";
				TEST_HOST = "$(BUNDLE_LOADER)";
				WRAPPER_EXTENSION = octest;
			};
			name = Debug;
		};
		6713CA96148D17F80056A2C5 /* Release */ = {
			isa = XCBuildConfiguration;
			buildSettings = {
				BUNDLE_LOADER = "$(BUILT_PRODUCTS_DIR)/comic.app/comic";
				FRAMEWORK_SEARCH_PATHS = (
					"$(SDKROOT)/Developer/Library/Frameworks",
					"$(DEVELOPER_LIBRARY_DIR)/Frameworks",
				);
				GCC_PRECOMPILE_PREFIX_HEADER = YES;
				GCC_PREFIX_HEADER = "comic/comic-Prefix.pch";
				INFOPLIST_FILE = "comicTests/comicTests-Info.plist";
				PRODUCT_NAME = "$(TARGET_NAME)";
				TEST_HOST = "$(BUNDLE_LOADER)";
				WRAPPER_EXTENSION = octest;
			};
			name = Release;
		};
/* End XCBuildConfiguration section */

/* Begin XCConfigurationList section */
		6713CA55148D17F70056A2C5 /* Build configuration list for PBXProject "comic" */ = {
			isa = XCConfigurationList;
			buildConfigurations = (
				6713CA8F148D17F80056A2C5 /* Debug */,
				6713CA90148D17F80056A2C5 /* Release */,
			);
			defaultConfigurationIsVisible = 0;
			defaultConfigurationName = Release;
		};
		6713CA91148D17F80056A2C5 /* Build configuration list for PBXNativeTarget "comic" */ = {
			isa = XCConfigurationList;
			buildConfigurations = (
				6713CA92148D17F80056A2C5 /* Debug */,
				6713CA93148D17F80056A2C5 /* Release */,
			);
			defaultConfigurationIsVisible = 0;
			defaultConfigurationName = Release;
		};
		6713CA94148D17F80056A2C5 /* Build configuration list for PBXNativeTarget "comicTests" */ = {
			isa = XCConfigurationList;
			buildConfigurations = (
				6713CA95148D17F80056A2C5 /* Debug */,
				6713CA96148D17F80056A2C5 /* Release */,
			);
			defaultConfigurationIsVisible = 0;
			defaultConfigurationName = Release;
		};
/* End XCConfigurationList section */

/* Begin XCVersionGroup section */
		672359A1150686990074DA31 /* CoreData.xcdatamodeld */ = {
			isa = XCVersionGroup;
			children = (
				672359A2150686990074DA31 /* CoreData.xcdatamodel */,
			);
			currentVersion = 672359A2150686990074DA31 /* CoreData.xcdatamodel */;
			name = CoreData.xcdatamodeld;
			path = ../CoreData.xcdatamodeld;
			sourceTree = "<group>";
			versionGroupType = wrapper.xcdatamodel;
		};
/* End XCVersionGroup section */
	};
	rootObject = 6713CA52148D17F70056A2C5 /* Project object */;
}
